{
  "name": "@oracle/eslint-config-oraclejet",
  "version": "8.1.0",
  "lockfileVersion": 1,
  "requires": true,
  "dependencies": {
    "acorn": {
      "version": "5.7.3",
      "resolved": "https://artifacthub-tip.oraclecorp.com/api/npm/npmjs-remote/acorn/-/acorn-5.7.3.tgz",
      "integrity": "sha1-Z6ojG/iBKXS4UjWpZ3Hra9B+onk="
    },
    "acorn-jsx": {
      "version": "3.0.1",
      "resolved": "https://artifacthub-tip.oraclecorp.com/api/npm/npmjs-remote/acorn-jsx/-/acorn-jsx-3.0.1.tgz",
      "integrity": "sha1-r9+UiPsezvyDSPb7IvRk4ypYs2s=",
      "requires": {
        "acorn": "^3.0.4"
      },
      "dependencies": {
        "acorn": {
          "version": "3.3.0",
          "resolved": "https://artifacthub-tip.oraclecorp.com/api/npm/npmjs-remote/acorn/-/acorn-3.3.0.tgz",
          "integrity": "sha1-ReN/s56No/JbruP/U2niu18iAXo="
        }
      }
    },
    "ajv": {
      "version": "4.11.8",
      "resolved": "https://artifacthub-tip.oraclecorp.com/api/npm/npmjs-remote/ajv/-/ajv-4.11.8.tgz",
      "integrity": "sha1-gv+wKynmYq5TvcIK8VlHcGc5xTY=",
      "requires": {
        "co": "^4.6.0",
        "json-stable-stringify": "^1.0.1"
      }
    },
    "ajv-keywords": {
      "version": "1.5.1",
      "resolved": "https://artifacthub-tip.oraclecorp.com/api/npm/npmjs-remote/ajv-keywords/-/ajv-keywords-1.5.1.tgz",
      "integrity": "sha1-MU3QpLM2j609/NxU7eYXG4htrzw="
    },
    "ansi-escapes": {
      "version": "1.4.0",
      "resolved": "https://artifacthub-tip.oraclecorp.com/api/npm/npmjs-remote/ansi-escapes/-/ansi-escapes-1.4.0.tgz",
      "integrity": "sha1-06ioOzGapneTZisT52HHkRQiMG4="
    },
    "ansi-regex": {
      "version": "2.1.1",
      "resolved": "https://artifacthub-tip.oraclecorp.com/api/npm/npmjs-remote/ansi-regex/-/ansi-regex-2.1.1.tgz",
      "integrity": "sha1-w7M6te42DYbg5ijwRorn7yfWVN8="
    },
    "ansi-styles": {
      "version": "2.2.1",
      "resolved": "https://artifacthub-tip.oraclecorp.com/api/npm/npmjs-remote/ansi-styles/-/ansi-styles-2.2.1.tgz",
      "integrity": "sha1-tDLdM1i2NM914eRmQ2gkBTPB3b4="
    },
    "argparse": {
      "version": "1.0.10",
      "resolved": "https://artifacthub-tip.oraclecorp.com/api/npm/npmjs-remote/argparse/-/argparse-1.0.10.tgz",
      "integrity": "sha1-vNZ5HqWuCXJeF+WtmIE0zUCz2RE=",
      "requires": {
        "sprintf-js": "~1.0.2"
      }
    },
    "babel-code-frame": {
      "version": "6.26.0",
      "resolved": "https://artifacthub-tip.oraclecorp.com/api/npm/npmjs-remote/babel-code-frame/-/babel-code-frame-6.26.0.tgz",
      "integrity": "sha1-Y/1D99weO7fONZR9uP42mj9Yx0s=",
      "requires": {
        "chalk": "^1.1.3",
        "esutils": "^2.0.2",
        "js-tokens": "^3.0.2"
      }
    },
    "balanced-match": {
      "version": "1.0.0",
      "resolved": "https://artifacthub-tip.oraclecorp.com/api/npm/npmjs-remote/balanced-match/-/balanced-match-1.0.0.tgz",
      "integrity": "sha1-ibTRmasr7kneFk6gK4nORi1xt2c="
    },
    "brace-expansion": {
      "version": "1.1.11",
      "resolved": "https://artifacthub-tip.oraclecorp.com/api/npm/npmjs-remote/brace-expansion/-/brace-expansion-1.1.11.tgz",
      "integrity": "sha1-PH/L9SnYcibz0vUrlm/1Jx60Qd0=",
      "requires": {
        "balanced-match": "^1.0.0",
        "concat-map": "0.0.1"
      }
    },
    "buffer-from": {
      "version": "1.1.1",
      "resolved": "https://artifacthub-tip.oraclecorp.com/api/npm/npmjs-remote/buffer-from/-/buffer-from-1.1.1.tgz",
      "integrity": "sha1-MnE7wCj3XAL9txDXx7zsHyxgcO8="
    },
    "builtin-modules": {
      "version": "1.1.1",
      "resolved": "https://artifacthub-tip.oraclecorp.com/api/npm/npmjs-remote/builtin-modules/-/builtin-modules-1.1.1.tgz",
      "integrity": "sha1-Jw8HbFpywC9bZaR9+Uxf46J4iS8="
    },
    "caller-path": {
      "version": "0.1.0",
      "resolved": "https://artifacthub-tip.oraclecorp.com/api/npm/npmjs-remote/caller-path/-/caller-path-0.1.0.tgz",
      "integrity": "sha1-lAhe9jWB7NPaqSREqP6U6CV3dR8=",
      "requires": {
        "callsites": "^0.2.0"
      }
    },
    "callsites": {
      "version": "0.2.0",
      "resolved": "https://artifacthub-tip.oraclecorp.com/api/npm/npmjs-remote/callsites/-/callsites-0.2.0.tgz",
      "integrity": "sha1-r6uWJikQp/M8GaV3WCXGnzTjUMo="
    },
    "chalk": {
      "version": "1.1.3",
      "resolved": "https://artifacthub-tip.oraclecorp.com/api/npm/npmjs-remote/chalk/-/chalk-1.1.3.tgz",
      "integrity": "sha1-qBFcVeSnAv5NFQq9OHKCKn4J/Jg=",
      "requires": {
        "ansi-styles": "^2.2.1",
        "escape-string-regexp": "^1.0.2",
        "has-ansi": "^2.0.0",
        "strip-ansi": "^3.0.0",
        "supports-color": "^2.0.0"
      }
    },
    "circular-json": {
      "version": "0.3.3",
      "resolved": "https://artifacthub-tip.oraclecorp.com/api/npm/npmjs-remote/circular-json/-/circular-json-0.3.3.tgz",
      "integrity": "sha1-gVyZ6oT2gJUp0vRXkb34JxE1LWY="
    },
    "cli-cursor": {
      "version": "1.0.2",
      "resolved": "https://artifacthub-tip.oraclecorp.com/api/npm/npmjs-remote/cli-cursor/-/cli-cursor-1.0.2.tgz",
      "integrity": "sha1-ZNo/fValRBLll5S9Ytw1KV6PKYc=",
      "requires": {
        "restore-cursor": "^1.0.1"
      }
    },
    "cli-width": {
      "version": "2.2.0",
      "resolved": "https://artifacthub-tip.oraclecorp.com/api/npm/npmjs-remote/cli-width/-/cli-width-2.2.0.tgz",
      "integrity": "sha1-/xnt6Kml5XkyQUewwR8PvLq+1jk="
    },
    "co": {
      "version": "4.6.0",
      "resolved": "https://artifacthub-tip.oraclecorp.com/api/npm/npmjs-remote/co/-/co-4.6.0.tgz",
      "integrity": "sha1-bqa989hTrlTMuOR7+gvz+QMfsYQ="
    },
    "code-point-at": {
      "version": "1.1.0",
      "resolved": "https://artifacthub-tip.oraclecorp.com/api/npm/npmjs-remote/code-point-at/-/code-point-at-1.1.0.tgz",
      "integrity": "sha1-DQcLTQQ6W+ozovGkDi7bPZpMz3c="
    },
    "concat-map": {
      "version": "0.0.1",
      "resolved": "https://artifacthub-tip.oraclecorp.com/api/npm/npmjs-remote/concat-map/-/concat-map-0.0.1.tgz",
      "integrity": "sha1-2Klr13/Wjfd5OnMDajug1UBdR3s="
    },
    "concat-stream": {
      "version": "1.6.2",
      "resolved": "https://artifacthub-tip.oraclecorp.com/api/npm/npmjs-remote/concat-stream/-/concat-stream-1.6.2.tgz",
      "integrity": "sha1-kEvfGUzTEi/Gdcd/xKw9T/D9GjQ=",
      "requires": {
        "buffer-from": "^1.0.0",
        "inherits": "^2.0.3",
        "readable-stream": "^2.2.2",
        "typedarray": "^0.0.6"
      }
    },
    "contains-path": {
      "version": "0.1.0",
      "resolved": "https://artifacthub-tip.oraclecorp.com/api/npm/npmjs-remote/contains-path/-/contains-path-0.1.0.tgz",
      "integrity": "sha1-/ozxhP9mcLa67wGp1IYaXL7EEgo="
    },
    "core-util-is": {
      "version": "1.0.2",
      "resolved": "https://artifacthub-tip.oraclecorp.com/api/npm/npmjs-remote/core-util-is/-/core-util-is-1.0.2.tgz",
      "integrity": "sha1-tf1UIgqivFq1eqtxQMlAdUUDwac="
    },
    "d": {
      "version": "1.0.1",
      "resolved": "https://artifacthub-tip.oraclecorp.com/api/npm/npmjs-remote/d/-/d-1.0.1.tgz",
      "integrity": "sha1-hpgJU3LVjb7jRv/Qxwk/mfj561o=",
      "requires": {
        "es5-ext": "^0.10.50",
        "type": "^1.0.1"
      }
    },
    "debug": {
      "version": "2.6.9",
      "resolved": "https://artifacthub-tip.oraclecorp.com/api/npm/npmjs-remote/debug/-/debug-2.6.9.tgz",
      "integrity": "sha1-XRKFFd8TT/Mn6QpMk/Tgd6U2NB8=",
      "requires": {
        "ms": "2.0.0"
      }
    },
    "deep-is": {
      "version": "0.1.3",
      "resolved": "https://artifacthub-tip.oraclecorp.com/api/npm/npmjs-remote/deep-is/-/deep-is-0.1.3.tgz",
      "integrity": "sha1-s2nW+128E+7PUk+RsHD+7cNXzzQ="
    },
    "doctrine": {
      "version": "2.1.0",
      "resolved": "https://artifacthub-tip.oraclecorp.com/api/npm/npmjs-remote/doctrine/-/doctrine-2.1.0.tgz",
      "integrity": "sha1-XNAfwQFiG0LEzX9dGmYkNxbT850=",
      "requires": {
        "esutils": "^2.0.2"
      }
    },
    "es5-ext": {
      "version": "0.10.53",
      "resolved": "https://artifacthub-tip.oraclecorp.com/api/npm/npmjs-remote/es5-ext/-/es5-ext-0.10.53.tgz",
      "integrity": "sha1-k8WjrP2+8nUiCtcmRK0C7hg2jeE=",
      "requires": {
        "es6-iterator": "~2.0.3",
        "es6-symbol": "~3.1.3",
        "next-tick": "~1.0.0"
      }
    },
    "es6-iterator": {
      "version": "2.0.3",
      "resolved": "https://artifacthub-tip.oraclecorp.com/api/npm/npmjs-remote/es6-iterator/-/es6-iterator-2.0.3.tgz",
      "integrity": "sha1-p96IkUGgWpSwhUQDstCg+/qY87c=",
      "requires": {
        "d": "1",
        "es5-ext": "^0.10.35",
        "es6-symbol": "^3.1.1"
      }
    },
    "es6-map": {
      "version": "0.1.5",
      "resolved": "https://artifacthub-tip.oraclecorp.com/api/npm/npmjs-remote/es6-map/-/es6-map-0.1.5.tgz",
      "integrity": "sha1-kTbgUD3MBqMBaQ8LsU/042TpSfA=",
      "requires": {
        "d": "1",
        "es5-ext": "~0.10.14",
        "es6-iterator": "~2.0.1",
        "es6-set": "~0.1.5",
        "es6-symbol": "~3.1.1",
        "event-emitter": "~0.3.5"
      }
    },
    "es6-set": {
      "version": "0.1.5",
      "resolved": "https://artifacthub-tip.oraclecorp.com/api/npm/npmjs-remote/es6-set/-/es6-set-0.1.5.tgz",
      "integrity": "sha1-0rPsXU2ADO2BjbU40ol02wpzzLE=",
      "requires": {
        "d": "1",
        "es5-ext": "~0.10.14",
        "es6-iterator": "~2.0.1",
        "es6-symbol": "3.1.1",
        "event-emitter": "~0.3.5"
      },
      "dependencies": {
        "es6-symbol": {
          "version": "3.1.1",
          "resolved": "https://artifacthub-tip.oraclecorp.com/api/npm/npmjs-remote/es6-symbol/-/es6-symbol-3.1.1.tgz",
          "integrity": "sha1-vwDvT9q2uhtG7Le2KbTH7VcVzHc=",
          "requires": {
            "d": "1",
            "es5-ext": "~0.10.14"
          }
        }
      }
    },
    "es6-symbol": {
      "version": "3.1.3",
      "resolved": "https://artifacthub-tip.oraclecorp.com/api/npm/npmjs-remote/es6-symbol/-/es6-symbol-3.1.3.tgz",
      "integrity": "sha1-utXTwbzawoJp9MszHkMceKxwXRg=",
      "requires": {
        "d": "^1.0.1",
        "ext": "^1.1.2"
      }
    },
    "es6-weak-map": {
      "version": "2.0.3",
      "resolved": "https://artifacthub-tip.oraclecorp.com/api/npm/npmjs-remote/es6-weak-map/-/es6-weak-map-2.0.3.tgz",
      "integrity": "sha1-ttofFswswNm+Q+a9v8Xn383zHVM=",
      "requires": {
        "d": "1",
        "es5-ext": "^0.10.46",
        "es6-iterator": "^2.0.3",
        "es6-symbol": "^3.1.1"
      }
    },
    "escape-string-regexp": {
      "version": "1.0.5",
      "resolved": "https://artifacthub-tip.oraclecorp.com/api/npm/npmjs-remote/escape-string-regexp/-/escape-string-regexp-1.0.5.tgz",
      "integrity": "sha1-G2HAViGQqN/2rjuyzwIAyhMLhtQ="
    },
    "escope": {
      "version": "3.6.0",
      "resolved": "https://artifacthub-tip.oraclecorp.com/api/npm/npmjs-remote/escope/-/escope-3.6.0.tgz",
      "integrity": "sha1-4Bl16BJ4GhY6ba392AOY3GTIicM=",
      "requires": {
        "es6-map": "^0.1.3",
        "es6-weak-map": "^2.0.1",
        "esrecurse": "^4.1.0",
        "estraverse": "^4.1.1"
      }
    },
    "eslint": {
      "version": "3.19.0",
      "resolved": "https://artifacthub-tip.oraclecorp.com/api/npm/npmjs-remote/eslint/-/eslint-3.19.0.tgz",
      "integrity": "sha1-yPxiAcf0DdCJQbh8CFdnOGpnmsw=",
      "requires": {
        "babel-code-frame": "^6.16.0",
        "chalk": "^1.1.3",
        "concat-stream": "^1.5.2",
        "debug": "^2.1.1",
        "doctrine": "^2.0.0",
        "escope": "^3.6.0",
        "espree": "^3.4.0",
        "esquery": "^1.0.0",
        "estraverse": "^4.2.0",
        "esutils": "^2.0.2",
        "file-entry-cache": "^2.0.0",
        "glob": "^7.0.3",
        "globals": "^9.14.0",
        "ignore": "^3.2.0",
        "imurmurhash": "^0.1.4",
        "inquirer": "^0.12.0",
        "is-my-json-valid": "^2.10.0",
        "is-resolvable": "^1.0.0",
        "js-yaml": "^3.5.1",
        "json-stable-stringify": "^1.0.0",
        "levn": "^0.3.0",
        "lodash": "^4.0.0",
        "mkdirp": "^0.5.0",
        "natural-compare": "^1.4.0",
        "optionator": "^0.8.2",
        "path-is-inside": "^1.0.1",
        "pluralize": "^1.2.1",
        "progress": "^1.1.8",
        "require-uncached": "^1.0.2",
        "shelljs": "^0.7.5",
        "strip-bom": "^3.0.0",
        "strip-json-comments": "~2.0.1",
        "table": "^3.7.8",
        "text-table": "~0.2.0",
        "user-home": "^2.0.0"
      }
    },
    "eslint-config-airbnb-base": {
      "version": "11.1.3",
      "resolved": "https://artifacthub-tip.oraclecorp.com/api/npm/npmjs-remote/eslint-config-airbnb-base/-/eslint-config-airbnb-base-11.1.3.tgz",
      "integrity": "sha1-Do23FRT6Nrl3+8+XfAHtz4Y+DPA="
    },
    "eslint-import-resolver-node": {
      "version": "0.2.3",
      "resolved": "https://artifacthub-tip.oraclecorp.com/api/npm/npmjs-remote/eslint-import-resolver-node/-/eslint-import-resolver-node-0.2.3.tgz",
      "integrity": "sha1-Wt2BBujJKNssuiMrzZ76hG49oWw=",
      "requires": {
        "debug": "^2.2.0",
        "object-assign": "^4.0.1",
        "resolve": "^1.1.6"
      }
    },
    "eslint-module-utils": {
      "version": "2.5.0",
      "resolved": "https://artifacthub-tip.oraclecorp.com/api/npm/npmjs-remote/eslint-module-utils/-/eslint-module-utils-2.5.0.tgz",
      "integrity": "sha1-zfC0DWIwMidMzSq9fmTE5STW4Zw=",
      "requires": {
        "debug": "^2.6.9",
        "pkg-dir": "^2.0.0"
      }
    },
    "eslint-plugin-import": {
      "version": "2.2.0",
      "resolved": "https://artifacthub-tip.oraclecorp.com/api/npm/npmjs-remote/eslint-plugin-import/-/eslint-plugin-import-2.2.0.tgz",
      "integrity": "sha1-crowb60wXWfEgWNIpGmaQimsi04=",
      "requires": {
        "builtin-modules": "^1.1.1",
        "contains-path": "^0.1.0",
        "debug": "^2.2.0",
        "doctrine": "1.5.0",
        "eslint-import-resolver-node": "^0.2.0",
        "eslint-module-utils": "^2.0.0",
        "has": "^1.0.1",
        "lodash.cond": "^4.3.0",
        "minimatch": "^3.0.3",
        "pkg-up": "^1.0.0"
      },
      "dependencies": {
        "doctrine": {
          "version": "1.5.0",
          "resolved": "https://artifacthub-tip.oraclecorp.com/api/npm/npmjs-remote/doctrine/-/doctrine-1.5.0.tgz",
          "integrity": "sha1-N53Ocw9hZvds76TmcHoVmwLFpvo=",
          "requires": {
            "esutils": "^2.0.2",
            "isarray": "^1.0.0"
          }
        }
      }
    },
    "espree": {
      "version": "3.5.4",
      "resolved": "https://artifacthub-tip.oraclecorp.com/api/npm/npmjs-remote/espree/-/espree-3.5.4.tgz",
      "integrity": "sha1-sPRHGHyKi+2US4FaZgvd9d610ac=",
      "requires": {
        "acorn": "^5.5.0",
        "acorn-jsx": "^3.0.0"
      }
    },
    "esprima": {
      "version": "4.0.1",
      "resolved": "https://artifacthub-tip.oraclecorp.com/api/npm/npmjs-remote/esprima/-/esprima-4.0.1.tgz",
      "integrity": "sha1-E7BM2z5sXRnfkatph6hpVhmwqnE="
    },
    "esquery": {
      "version": "1.1.0",
      "resolved": "https://artifacthub-tip.oraclecorp.com/api/npm/npmjs-remote/esquery/-/esquery-1.1.0.tgz",
      "integrity": "sha1-xcC2bzg+dlZAT4azEzTXJSTt20g=",
      "requires": {
        "estraverse": "^4.0.0"
      }
    },
    "esrecurse": {
      "version": "4.2.1",
      "resolved": "https://artifacthub-tip.oraclecorp.com/api/npm/npmjs-remote/esrecurse/-/esrecurse-4.2.1.tgz",
      "integrity": "sha1-AHo7n9vCs7uH5IeeoZyS/b05Qs8=",
      "requires": {
        "estraverse": "^4.1.0"
      }
    },
    "estraverse": {
      "version": "4.3.0",
      "resolved": "https://artifacthub-tip.oraclecorp.com/api/npm/npmjs-remote/estraverse/-/estraverse-4.3.0.tgz",
      "integrity": "sha1-OYrT88WiSUi+dyXoPRGn3ijNvR0="
    },
    "esutils": {
      "version": "2.0.3",
      "resolved": "https://artifacthub-tip.oraclecorp.com/api/npm/npmjs-remote/esutils/-/esutils-2.0.3.tgz",
      "integrity": "sha1-dNLrTeC42hKTcRkQ1Qd1ubcQ72Q="
    },
    "event-emitter": {
      "version": "0.3.5",
      "resolved": "https://artifacthub-tip.oraclecorp.com/api/npm/npmjs-remote/event-emitter/-/event-emitter-0.3.5.tgz",
      "integrity": "sha1-34xp7vFkeSPHFXuc6DhAYQsCzDk=",
      "requires": {
        "d": "1",
        "es5-ext": "~0.10.14"
      }
    },
    "exit-hook": {
      "version": "1.1.1",
      "resolved": "https://artifacthub-tip.oraclecorp.com/api/npm/npmjs-remote/exit-hook/-/exit-hook-1.1.1.tgz",
      "integrity": "sha1-8FyiM7SMBdVP/wd2XfhQfpXAL/g="
    },
    "ext": {
      "version": "1.4.0",
      "resolved": "https://artifacthub-tip.oraclecorp.com/api/npm/npmjs-remote/ext/-/ext-1.4.0.tgz",
      "integrity": "sha1-ia56BxWPedNVF4gpBDJAd+Q3kkQ=",
      "requires": {
        "type": "^2.0.0"
      },
      "dependencies": {
        "type": {
          "version": "2.0.0",
          "resolved": "https://artifacthub-tip.oraclecorp.com/api/npm/npmjs-remote/type/-/type-2.0.0.tgz",
          "integrity": "sha1-Xxb/bvLrRPJgSU2uJxAzspwJqcM="
        }
      }
    },
    "fast-levenshtein": {
      "version": "2.0.6",
      "resolved": "https://artifacthub-tip.oraclecorp.com/api/npm/npmjs-remote/fast-levenshtein/-/fast-levenshtein-2.0.6.tgz",
      "integrity": "sha1-PYpcZog6FqMMqGQ+hR8Zuqd5eRc="
    },
    "figures": {
      "version": "1.7.0",
      "resolved": "https://artifacthub-tip.oraclecorp.com/api/npm/npmjs-remote/figures/-/figures-1.7.0.tgz",
      "integrity": "sha1-y+Hjr/zxzUS4DK3+0o3Hk6lwHS4=",
      "requires": {
        "escape-string-regexp": "^1.0.5",
        "object-assign": "^4.1.0"
      }
    },
    "file-entry-cache": {
      "version": "2.0.0",
      "resolved": "https://artifacthub-tip.oraclecorp.com/api/npm/npmjs-remote/file-entry-cache/-/file-entry-cache-2.0.0.tgz",
      "integrity": "sha1-w5KZDD5oR4PYOLjISkXYoEhFg2E=",
      "requires": {
        "flat-cache": "^1.2.1",
        "object-assign": "^4.0.1"
      }
    },
    "find-up": {
      "version": "2.1.0",
      "resolved": "https://artifacthub-tip.oraclecorp.com/api/npm/npmjs-remote/find-up/-/find-up-2.1.0.tgz",
      "integrity": "sha1-RdG35QbHF93UgndaK3eSCjwMV6c=",
      "requires": {
        "locate-path": "^2.0.0"
      }
    },
    "flat-cache": {
      "version": "1.3.4",
      "resolved": "https://artifacthub-tip.oraclecorp.com/api/npm/npmjs-remote/flat-cache/-/flat-cache-1.3.4.tgz",
      "integrity": "sha1-LC73dSXMKSkAff/6HdMUqpyd7m8=",
      "requires": {
        "circular-json": "^0.3.1",
        "graceful-fs": "^4.1.2",
        "rimraf": "~2.6.2",
        "write": "^0.2.1"
      }
    },
    "fs.realpath": {
      "version": "1.0.0",
      "resolved": "https://artifacthub-tip.oraclecorp.com/api/npm/npmjs-remote/fs.realpath/-/fs.realpath-1.0.0.tgz",
      "integrity": "sha1-FQStJSMVjKpA20onh8sBQRmU6k8="
    },
    "function-bind": {
      "version": "1.1.1",
      "resolved": "https://artifacthub-tip.oraclecorp.com/api/npm/npmjs-remote/function-bind/-/function-bind-1.1.1.tgz",
      "integrity": "sha1-pWiZ0+o8m6uHS7l3O3xe3pL0iV0="
    },
    "generate-function": {
      "version": "2.3.1",
      "resolved": "https://artifacthub-tip.oraclecorp.com/api/npm/npmjs-remote/generate-function/-/generate-function-2.3.1.tgz",
      "integrity": "sha1-8GlhdpDBDIaOc7hGV0Z2T5fDR58=",
      "requires": {
        "is-property": "^1.0.2"
      }
    },
    "generate-object-property": {
      "version": "1.2.0",
      "resolved": "https://artifacthub-tip.oraclecorp.com/api/npm/npmjs-remote/generate-object-property/-/generate-object-property-1.2.0.tgz",
      "integrity": "sha1-nA4cQDCM6AT0eDYYuTf6iPmdUNA=",
      "requires": {
        "is-property": "^1.0.0"
      }
    },
    "glob": {
      "version": "7.1.6",
      "resolved": "https://artifacthub-tip.oraclecorp.com/api/npm/npmjs-remote/glob/-/glob-7.1.6.tgz",
      "integrity": "sha1-FB8zuBp8JJLhJVlDB0gMRmeSeKY=",
      "requires": {
        "fs.realpath": "^1.0.0",
        "inflight": "^1.0.4",
        "inherits": "2",
        "minimatch": "^3.0.4",
        "once": "^1.3.0",
        "path-is-absolute": "^1.0.0"
      }
    },
    "globals": {
      "version": "9.18.0",
      "resolved": "https://artifacthub-tip.oraclecorp.com/api/npm/npmjs-remote/globals/-/globals-9.18.0.tgz",
      "integrity": "sha1-qjiWs+abSH8X4x7SFD1pqOMMLYo="
    },
    "graceful-fs": {
      "version": "4.2.3",
      "resolved": "https://artifacthub-tip.oraclecorp.com/api/npm/npmjs-remote/graceful-fs/-/graceful-fs-4.2.3.tgz",
      "integrity": "sha1-ShL/G2A3bvCYYsIJPt2Qgyi+hCM="
    },
    "has": {
      "version": "1.0.3",
      "resolved": "https://artifacthub-tip.oraclecorp.com/api/npm/npmjs-remote/has/-/has-1.0.3.tgz",
      "integrity": "sha1-ci18v8H2qoJB8W3YFOAR4fQeh5Y=",
      "requires": {
        "function-bind": "^1.1.1"
      }
    },
    "has-ansi": {
      "version": "2.0.0",
      "resolved": "https://artifacthub-tip.oraclecorp.com/api/npm/npmjs-remote/has-ansi/-/has-ansi-2.0.0.tgz",
      "integrity": "sha1-NPUEnOHs3ysGSa8+8k5F7TVBbZE=",
      "requires": {
        "ansi-regex": "^2.0.0"
      }
    },
    "ignore": {
      "version": "3.3.10",
      "resolved": "https://artifacthub-tip.oraclecorp.com/api/npm/npmjs-remote/ignore/-/ignore-3.3.10.tgz",
      "integrity": "sha1-Cpf7h2mG6AgcYxFg+PnziRV/AEM="
    },
    "imurmurhash": {
      "version": "0.1.4",
      "resolved": "https://artifacthub-tip.oraclecorp.com/api/npm/npmjs-remote/imurmurhash/-/imurmurhash-0.1.4.tgz",
      "integrity": "sha1-khi5srkoojixPcT7a21XbyMUU+o="
    },
    "inflight": {
      "version": "1.0.6",
      "resolved": "https://artifacthub-tip.oraclecorp.com/api/npm/npmjs-remote/inflight/-/inflight-1.0.6.tgz",
      "integrity": "sha1-Sb1jMdfQLQwJvJEKEHW6gWW1bfk=",
      "requires": {
        "once": "^1.3.0",
        "wrappy": "1"
      }
    },
    "inherits": {
      "version": "2.0.4",
      "resolved": "https://artifacthub-tip.oraclecorp.com/api/npm/npmjs-remote/inherits/-/inherits-2.0.4.tgz",
      "integrity": "sha1-D6LGT5MpF8NDOg3tVTY6rjdBa3w="
    },
    "inquirer": {
      "version": "0.12.0",
      "resolved": "https://artifacthub-tip.oraclecorp.com/api/npm/npmjs-remote/inquirer/-/inquirer-0.12.0.tgz",
      "integrity": "sha1-HvK/1jUE3wvHV4X/+MLEHfEvB34=",
      "requires": {
        "ansi-escapes": "^1.1.0",
        "ansi-regex": "^2.0.0",
        "chalk": "^1.0.0",
        "cli-cursor": "^1.0.1",
        "cli-width": "^2.0.0",
        "figures": "^1.3.5",
        "lodash": "^4.3.0",
        "readline2": "^1.0.1",
        "run-async": "^0.1.0",
        "rx-lite": "^3.1.2",
        "string-width": "^1.0.1",
        "strip-ansi": "^3.0.0",
        "through": "^2.3.6"
      }
    },
    "interpret": {
      "version": "1.2.0",
      "resolved": "https://artifacthub-tip.oraclecorp.com/api/npm/npmjs-remote/interpret/-/interpret-1.2.0.tgz",
      "integrity": "sha1-1QYaYiS+WOgIOYX1AU2EQ1lXYpY="
    },
    "is-fullwidth-code-point": {
      "version": "1.0.0",
      "resolved": "https://artifacthub-tip.oraclecorp.com/api/npm/npmjs-remote/is-fullwidth-code-point/-/is-fullwidth-code-point-1.0.0.tgz",
      "integrity": "sha1-754xOG8DGn8NZDr4L95QxFfvAMs=",
      "requires": {
        "number-is-nan": "^1.0.0"
      }
    },
    "is-my-ip-valid": {
      "version": "1.0.0",
      "resolved": "https://artifacthub-tip.oraclecorp.com/api/npm/npmjs-remote/is-my-ip-valid/-/is-my-ip-valid-1.0.0.tgz",
      "integrity": "sha1-ezUbjo7dTTmV1NBmaA5mTZRpaCQ="
    },
    "is-my-json-valid": {
      "version": "2.20.0",
      "resolved": "https://artifacthub-tip.oraclecorp.com/api/npm/npmjs-remote/is-my-json-valid/-/is-my-json-valid-2.20.0.tgz",
      "integrity": "sha1-E0Wm/KPo2u/BDQ+ncGf1TO2v1Zo=",
      "requires": {
        "generate-function": "^2.0.0",
        "generate-object-property": "^1.1.0",
        "is-my-ip-valid": "^1.0.0",
        "jsonpointer": "^4.0.0",
        "xtend": "^4.0.0"
      }
    },
    "is-property": {
      "version": "1.0.2",
      "resolved": "https://artifacthub-tip.oraclecorp.com/api/npm/npmjs-remote/is-property/-/is-property-1.0.2.tgz",
      "integrity": "sha1-V/4cTkhHTt1lsJkR8msc1Ald2oQ="
    },
    "is-resolvable": {
      "version": "1.1.0",
      "resolved": "https://artifacthub-tip.oraclecorp.com/api/npm/npmjs-remote/is-resolvable/-/is-resolvable-1.1.0.tgz",
      "integrity": "sha1-+xj4fOH+uSUWnJpAfBkxijIG7Yg="
    },
    "isarray": {
      "version": "1.0.0",
      "resolved": "https://artifacthub-tip.oraclecorp.com/api/npm/npmjs-remote/isarray/-/isarray-1.0.0.tgz",
      "integrity": "sha1-u5NdSFgsuhaMBoNJV6VKPgcSTxE="
    },
    "js-tokens": {
      "version": "3.0.2",
      "resolved": "https://artifacthub-tip.oraclecorp.com/api/npm/npmjs-remote/js-tokens/-/js-tokens-3.0.2.tgz",
      "integrity": "sha1-mGbfOVECEw449/mWvOtlRDIJwls="
    },
    "js-yaml": {
      "version": "3.13.1",
      "resolved": "https://artifacthub-tip.oraclecorp.com/api/npm/npmjs-remote/js-yaml/-/js-yaml-3.13.1.tgz",
      "integrity": "sha1-r/FRswv9+o5J4F2iLnQV6d+jeEc=",
      "requires": {
        "argparse": "^1.0.7",
        "esprima": "^4.0.0"
      }
    },
    "json-stable-stringify": {
      "version": "1.0.1",
      "resolved": "https://artifacthub-tip.oraclecorp.com/api/npm/npmjs-remote/json-stable-stringify/-/json-stable-stringify-1.0.1.tgz",
      "integrity": "sha1-mnWdOcXy/1A/1TAGRu1EX4jE+a8=",
      "requires": {
        "jsonify": "~0.0.0"
      }
    },
    "jsonify": {
      "version": "0.0.0",
      "resolved": "https://artifacthub-tip.oraclecorp.com/api/npm/npmjs-remote/jsonify/-/jsonify-0.0.0.tgz",
      "integrity": "sha1-LHS27kHZPKUbe1qu6PUDYx0lKnM="
    },
    "jsonpointer": {
      "version": "4.0.1",
      "resolved": "https://artifacthub-tip.oraclecorp.com/api/npm/npmjs-remote/jsonpointer/-/jsonpointer-4.0.1.tgz",
      "integrity": "sha1-T9kss04OnbPInIYi7PUfm5eMbLk="
    },
    "levn": {
      "version": "0.3.0",
      "resolved": "https://artifacthub-tip.oraclecorp.com/api/npm/npmjs-remote/levn/-/levn-0.3.0.tgz",
      "integrity": "sha1-OwmSTt+fCDwEkP3UwLxEIeBHZO4=",
      "requires": {
        "prelude-ls": "~1.1.2",
        "type-check": "~0.3.2"
      }
    },
    "locate-path": {
      "version": "2.0.0",
      "resolved": "https://artifacthub-tip.oraclecorp.com/api/npm/npmjs-remote/locate-path/-/locate-path-2.0.0.tgz",
      "integrity": "sha1-K1aLJl7slExtnA3pw9u7ygNUzY4=",
      "requires": {
        "p-locate": "^2.0.0",
        "path-exists": "^3.0.0"
      }
    },
    "lodash": {
      "version": "4.17.15",
      "resolved": "https://artifacthub-tip.oraclecorp.com/api/npm/npmjs-remote/lodash/-/lodash-4.17.15.tgz",
      "integrity": "sha1-tEf2ZwoEVbv+7dETku/zMOoJdUg="
    },
    "lodash.cond": {
      "version": "4.5.2",
      "resolved": "https://artifacthub-tip.oraclecorp.com/api/npm/npmjs-remote/lodash.cond/-/lodash.cond-4.5.2.tgz",
      "integrity": "sha1-9HGh2khr5g9quVXRcRVSPdHSVdU="
    },
    "minimatch": {
      "version": "3.0.4",
      "resolved": "https://artifacthub-tip.oraclecorp.com/api/npm/npmjs-remote/minimatch/-/minimatch-3.0.4.tgz",
      "integrity": "sha1-UWbihkV/AzBgZL5Ul+jbsMPTIIM=",
      "requires": {
        "brace-expansion": "^1.1.7"
      }
    },
    "minimist": {
      "version": "1.2.0",
      "resolved": "https://artifacthub-tip.oraclecorp.com/api/npm/npmjs-remote/minimist/-/minimist-1.2.0.tgz",
      "integrity": "sha1-o1AIsg9BOD7sH7kU9M1d95omQoQ=",
      "dev": true
    },
    "mkdirp": {
      "version": "0.5.1",
      "resolved": "https://artifacthub-tip.oraclecorp.com/api/npm/npmjs-remote/mkdirp/-/mkdirp-0.5.1.tgz",
      "integrity": "sha1-MAV0OOrGz3+MR2fzhkjWaX11yQM=",
      "requires": {
        "minimist": "0.0.8"
      },
      "dependencies": {
        "minimist": {
          "version": "0.0.8",
          "resolved": "https://artifacthub-tip.oraclecorp.com/api/npm/npmjs-remote/minimist/-/minimist-0.0.8.tgz",
          "integrity": "sha1-hX/Kv8M5fSYluCKCYuhqp6ARsF0="
        }
      }
    },
    "ms": {
      "version": "2.0.0",
      "resolved": "https://artifacthub-tip.oraclecorp.com/api/npm/npmjs-remote/ms/-/ms-2.0.0.tgz",
      "integrity": "sha1-VgiurfwAvmwpAd9fmGF4jeDVl8g="
    },
    "mute-stream": {
      "version": "0.0.5",
      "resolved": "https://artifacthub-tip.oraclecorp.com/api/npm/npmjs-remote/mute-stream/-/mute-stream-0.0.5.tgz",
      "integrity": "sha1-j7+rsKmKJT0xhDMfno3rc3L6xsA="
    },
    "natural-compare": {
      "version": "1.4.0",
      "resolved": "https://artifacthub-tip.oraclecorp.com/api/npm/npmjs-remote/natural-compare/-/natural-compare-1.4.0.tgz",
      "integrity": "sha1-Sr6/7tdUHywnrPspvbvRXI1bpPc="
    },
    "next-tick": {
      "version": "1.0.0",
      "resolved": "https://artifacthub-tip.oraclecorp.com/api/npm/npmjs-remote/next-tick/-/next-tick-1.0.0.tgz",
      "integrity": "sha1-yobR/ogoFpsBICCOPchCS524NCw="
    },
    "number-is-nan": {
      "version": "1.0.1",
      "resolved": "https://artifacthub-tip.oraclecorp.com/api/npm/npmjs-remote/number-is-nan/-/number-is-nan-1.0.1.tgz",
      "integrity": "sha1-CXtgK1NCKlIsGvuHkDGDNpQaAR0="
    },
    "object-assign": {
      "version": "4.1.1",
      "resolved": "https://artifacthub-tip.oraclecorp.com/api/npm/npmjs-remote/object-assign/-/object-assign-4.1.1.tgz",
      "integrity": "sha1-IQmtx5ZYh8/AXLvUQsrIv7s2CGM="
    },
    "once": {
      "version": "1.4.0",
      "resolved": "https://artifacthub-tip.oraclecorp.com/api/npm/npmjs-remote/once/-/once-1.4.0.tgz",
      "integrity": "sha1-WDsap3WWHUsROsF9nFC6753Xa9E=",
      "requires": {
        "wrappy": "1"
      }
    },
    "onetime": {
      "version": "1.1.0",
      "resolved": "https://artifacthub-tip.oraclecorp.com/api/npm/npmjs-remote/onetime/-/onetime-1.1.0.tgz",
      "integrity": "sha1-ofeDj4MUxRbwXs78vEzP4EtO14k="
    },
    "optionator": {
      "version": "0.8.3",
      "resolved": "https://artifacthub-tip.oraclecorp.com/api/npm/npmjs-remote/optionator/-/optionator-0.8.3.tgz",
      "integrity": "sha1-hPodA2/p08fiHZmIS2ARZ+yPtJU=",
      "requires": {
        "deep-is": "~0.1.3",
        "fast-levenshtein": "~2.0.6",
        "levn": "~0.3.0",
        "prelude-ls": "~1.1.2",
        "type-check": "~0.3.2",
        "word-wrap": "~1.2.3"
      }
    },
    "os-homedir": {
      "version": "1.0.2",
      "resolved": "https://artifacthub-tip.oraclecorp.com/api/npm/npmjs-remote/os-homedir/-/os-homedir-1.0.2.tgz",
      "integrity": "sha1-/7xJiDNuDoM94MFox+8VISGqf7M="
    },
    "p-limit": {
      "version": "1.3.0",
      "resolved": "https://artifacthub-tip.oraclecorp.com/api/npm/npmjs-remote/p-limit/-/p-limit-1.3.0.tgz",
      "integrity": "sha1-uGvV8MJWkJEcdZD8v8IBDVSzzLg=",
      "requires": {
        "p-try": "^1.0.0"
      }
    },
    "p-locate": {
      "version": "2.0.0",
      "resolved": "https://artifacthub-tip.oraclecorp.com/api/npm/npmjs-remote/p-locate/-/p-locate-2.0.0.tgz",
      "integrity": "sha1-IKAQOyIqcMj9OcwuWAaA893l7EM=",
      "requires": {
        "p-limit": "^1.1.0"
      }
    },
    "p-try": {
      "version": "1.0.0",
      "resolved": "https://artifacthub-tip.oraclecorp.com/api/npm/npmjs-remote/p-try/-/p-try-1.0.0.tgz",
      "integrity": "sha1-y8ec26+P1CKOE/Yh8rGiN8GyB7M="
    },
    "path-exists": {
      "version": "3.0.0",
      "resolved": "https://artifacthub-tip.oraclecorp.com/api/npm/npmjs-remote/path-exists/-/path-exists-3.0.0.tgz",
      "integrity": "sha1-zg6+ql94yxiSXqfYENe1mwEP1RU="
    },
    "path-is-absolute": {
      "version": "1.0.1",
      "resolved": "https://artifacthub-tip.oraclecorp.com/api/npm/npmjs-remote/path-is-absolute/-/path-is-absolute-1.0.1.tgz",
      "integrity": "sha1-F0uSaHNVNP+8es5r9TpanhtcX18="
    },
    "path-is-inside": {
      "version": "1.0.2",
      "resolved": "https://artifacthub-tip.oraclecorp.com/api/npm/npmjs-remote/path-is-inside/-/path-is-inside-1.0.2.tgz",
      "integrity": "sha1-NlQX3t5EQw0cEa9hAn+s8HS9/FM="
    },
    "path-parse": {
      "version": "1.0.6",
      "resolved": "https://artifacthub-tip.oraclecorp.com/api/npm/npmjs-remote/path-parse/-/path-parse-1.0.6.tgz",
      "integrity": "sha1-1i27VnlAXXLEc37FhgDp3c8G0kw="
    },
    "pinkie": {
      "version": "2.0.4",
      "resolved": "https://artifacthub-tip.oraclecorp.com/api/npm/npmjs-remote/pinkie/-/pinkie-2.0.4.tgz",
      "integrity": "sha1-clVrgM+g1IqXToDnckjoDtT3+HA="
    },
    "pinkie-promise": {
      "version": "2.0.1",
      "resolved": "https://artifacthub-tip.oraclecorp.com/api/npm/npmjs-remote/pinkie-promise/-/pinkie-promise-2.0.1.tgz",
      "integrity": "sha1-ITXW36ejWMBprJsXh3YogihFD/o=",
      "requires": {
        "pinkie": "^2.0.0"
      }
    },
    "pkg-dir": {
      "version": "2.0.0",
      "resolved": "https://artifacthub-tip.oraclecorp.com/api/npm/npmjs-remote/pkg-dir/-/pkg-dir-2.0.0.tgz",
      "integrity": "sha1-9tXREJ4Z1j7fQo4L1X4Sd3YVM0s=",
      "requires": {
        "find-up": "^2.1.0"
      }
    },
    "pkg-up": {
      "version": "1.0.0",
      "resolved": "https://artifacthub-tip.oraclecorp.com/api/npm/npmjs-remote/pkg-up/-/pkg-up-1.0.0.tgz",
      "integrity": "sha1-Pgj7RhUlxEIWJKM7n35tCvWwWiY=",
      "requires": {
        "find-up": "^1.0.0"
      },
      "dependencies": {
        "find-up": {
          "version": "1.1.2",
          "resolved": "https://artifacthub-tip.oraclecorp.com/api/npm/npmjs-remote/find-up/-/find-up-1.1.2.tgz",
          "integrity": "sha1-ay6YIrGizgpgq2TWEOzK1TyyTQ8=",
          "requires": {
            "path-exists": "^2.0.0",
            "pinkie-promise": "^2.0.0"
          }
        },
        "path-exists": {
          "version": "2.1.0",
          "resolved": "https://artifacthub-tip.oraclecorp.com/api/npm/npmjs-remote/path-exists/-/path-exists-2.1.0.tgz",
          "integrity": "sha1-D+tsZPD8UY2adU3V77YscCJ2H0s=",
          "requires": {
            "pinkie-promise": "^2.0.0"
          }
        }
      }
    },
    "pluralize": {
      "version": "1.2.1",
      "resolved": "https://artifacthub-tip.oraclecorp.com/api/npm/npmjs-remote/pluralize/-/pluralize-1.2.1.tgz",
      "integrity": "sha1-0aIUg/0iu0HlihL6NCGCMUCJfEU="
    },
    "prelude-ls": {
      "version": "1.1.2",
      "resolved": "https://artifacthub-tip.oraclecorp.com/api/npm/npmjs-remote/prelude-ls/-/prelude-ls-1.1.2.tgz",
      "integrity": "sha1-IZMqVJ9eUv/ZqCf1cOBL5iqX2lQ="
    },
    "process-nextick-args": {
      "version": "2.0.1",
      "resolved": "https://artifacthub-tip.oraclecorp.com/api/npm/npmjs-remote/process-nextick-args/-/process-nextick-args-2.0.1.tgz",
      "integrity": "sha1-eCDZsWEgzFXKmud5JoCufbptf+I="
    },
    "progress": {
      "version": "1.1.8",
      "resolved": "https://artifacthub-tip.oraclecorp.com/api/npm/npmjs-remote/progress/-/progress-1.1.8.tgz",
      "integrity": "sha1-4mDHj2Fhzdmw5WzD4Khd4Xx6V74="
    },
    "readable-stream": {
      "version": "2.3.7",
      "resolved": "https://artifacthub-tip.oraclecorp.com/api/npm/npmjs-remote/readable-stream/-/readable-stream-2.3.7.tgz",
      "integrity": "sha1-Hsoc9xGu+BTAT2IlKjamL2yyO1c=",
      "requires": {
        "core-util-is": "~1.0.0",
        "inherits": "~2.0.3",
        "isarray": "~1.0.0",
        "process-nextick-args": "~2.0.0",
        "safe-buffer": "~5.1.1",
        "string_decoder": "~1.1.1",
        "util-deprecate": "~1.0.1"
      }
    },
    "readline2": {
      "version": "1.0.1",
      "resolved": "https://artifacthub-tip.oraclecorp.com/api/npm/npmjs-remote/readline2/-/readline2-1.0.1.tgz",
      "integrity": "sha1-QQWWCP/BVHV7cV2ZidGZ/783LjU=",
      "requires": {
        "code-point-at": "^1.0.0",
        "is-fullwidth-code-point": "^1.0.0",
        "mute-stream": "0.0.5"
      }
    },
    "rechoir": {
      "version": "0.6.2",
      "resolved": "https://artifacthub-tip.oraclecorp.com/api/npm/npmjs-remote/rechoir/-/rechoir-0.6.2.tgz",
      "integrity": "sha1-hSBLVNuoLVdC4oyWdW70OvUOM4Q=",
      "requires": {
        "resolve": "^1.1.6"
      }
    },
    "require-uncached": {
      "version": "1.0.3",
      "resolved": "https://artifacthub-tip.oraclecorp.com/api/npm/npmjs-remote/require-uncached/-/require-uncached-1.0.3.tgz",
      "integrity": "sha1-Tg1W1slmL9MeQwEcS5WqSZVUIdM=",
      "requires": {
        "caller-path": "^0.1.0",
        "resolve-from": "^1.0.0"
      }
    },
    "resolve": {
      "version": "1.15.1",
      "resolved": "https://artifacthub-tip.oraclecorp.com/api/npm/npmjs-remote/resolve/-/resolve-1.15.1.tgz",
      "integrity": "sha1-J73N7/6vLWJEuVuw+fS0ZTRR8+g=",
      "requires": {
        "path-parse": "^1.0.6"
      }
    },
    "resolve-from": {
      "version": "1.0.1",
      "resolved": "https://artifacthub-tip.oraclecorp.com/api/npm/npmjs-remote/resolve-from/-/resolve-from-1.0.1.tgz",
      "integrity": "sha1-Jsv+k10a7uq7Kbw/5a6wHpPUQiY="
    },
    "restore-cursor": {
      "version": "1.0.1",
      "resolved": "https://artifacthub-tip.oraclecorp.com/api/npm/npmjs-remote/restore-cursor/-/restore-cursor-1.0.1.tgz",
      "integrity": "sha1-NGYfRohjJ/7SmRR5FSJS35LapUE=",
      "requires": {
        "exit-hook": "^1.0.0",
        "onetime": "^1.0.0"
      }
    },
    "rimraf": {
      "version": "2.6.3",
      "resolved": "https://artifacthub-tip.oraclecorp.com/api/npm/npmjs-remote/rimraf/-/rimraf-2.6.3.tgz",
      "integrity": "sha1-stEE/g2Psnz54KHNqCYt04M8bKs=",
      "requires": {
        "glob": "^7.1.3"
      }
    },
    "run-async": {
      "version": "0.1.0",
      "resolved": "https://artifacthub-tip.oraclecorp.com/api/npm/npmjs-remote/run-async/-/run-async-0.1.0.tgz",
      "integrity": "sha1-yK1KXhEGYeQCp9IbUw4AnyX444k=",
      "requires": {
        "once": "^1.3.0"
      }
    },
    "rx-lite": {
      "version": "3.1.2",
      "resolved": "https://artifacthub-tip.oraclecorp.com/api/npm/npmjs-remote/rx-lite/-/rx-lite-3.1.2.tgz",
      "integrity": "sha1-Gc5QLKVyZl87ZHsQk5+X/RYV8QI="
    },
    "safe-buffer": {
      "version": "5.1.2",
      "resolved": "https://artifacthub-tip.oraclecorp.com/api/npm/npmjs-remote/safe-buffer/-/safe-buffer-5.1.2.tgz",
      "integrity": "sha1-mR7GnSluAxN0fVm9/St0XDX4go0="
    },
    "shelljs": {
      "version": "0.7.8",
      "resolved": "https://artifacthub-tip.oraclecorp.com/api/npm/npmjs-remote/shelljs/-/shelljs-0.7.8.tgz",
      "integrity": "sha1-3svPh0sNHl+3LhSxZKloMEjprLM=",
      "requires": {
        "glob": "^7.0.0",
        "interpret": "^1.0.0",
        "rechoir": "^0.6.2"
      }
    },
    "slice-ansi": {
      "version": "0.0.4",
      "resolved": "https://artifacthub-tip.oraclecorp.com/api/npm/npmjs-remote/slice-ansi/-/slice-ansi-0.0.4.tgz",
      "integrity": "sha1-7b+JA/ZvfOL46v1s7tZeJkyDGzU="
    },
    "sprintf-js": {
      "version": "1.0.3",
      "resolved": "https://artifacthub-tip.oraclecorp.com/api/npm/npmjs-remote/sprintf-js/-/sprintf-js-1.0.3.tgz",
      "integrity": "sha1-BOaSb2YolTVPPdAVIDYzuFcpfiw="
    },
    "string-width": {
      "version": "1.0.2",
      "resolved": "https://artifacthub-tip.oraclecorp.com/api/npm/npmjs-remote/string-width/-/string-width-1.0.2.tgz",
      "integrity": "sha1-EYvfW4zcUaKn5w0hHgfisLmxB9M=",
      "requires": {
        "code-point-at": "^1.0.0",
        "is-fullwidth-code-point": "^1.0.0",
        "strip-ansi": "^3.0.0"
      }
    },
    "string_decoder": {
      "version": "1.1.1",
      "resolved": "https://artifacthub-tip.oraclecorp.com/api/npm/npmjs-remote/string_decoder/-/string_decoder-1.1.1.tgz",
      "integrity": "sha1-nPFhG6YmhdcDCunkujQUnDrwP8g=",
      "requires": {
        "safe-buffer": "~5.1.0"
      }
    },
    "strip-ansi": {
      "version": "3.0.1",
      "resolved": "https://artifacthub-tip.oraclecorp.com/api/npm/npmjs-remote/strip-ansi/-/strip-ansi-3.0.1.tgz",
      "integrity": "sha1-ajhfuIU9lS1f8F0Oiq+UJ43GPc8=",
      "requires": {
        "ansi-regex": "^2.0.0"
      }
    },
    "strip-bom": {
      "version": "3.0.0",
      "resolved": "https://artifacthub-tip.oraclecorp.com/api/npm/npmjs-remote/strip-bom/-/strip-bom-3.0.0.tgz",
      "integrity": "sha1-IzTBjpx1n3vdVv3vfprj1YjmjtM="
    },
    "strip-json-comments": {
      "version": "2.0.1",
      "resolved": "https://artifacthub-tip.oraclecorp.com/api/npm/npmjs-remote/strip-json-comments/-/strip-json-comments-2.0.1.tgz",
      "integrity": "sha1-PFMZQukIwml8DsNEhYwobHygpgo="
    },
    "supports-color": {
      "version": "2.0.0",
      "resolved": "https://artifacthub-tip.oraclecorp.com/api/npm/npmjs-remote/supports-color/-/supports-color-2.0.0.tgz",
      "integrity": "sha1-U10EXOa2Nj+kARcIRimZXp3zJMc="
    },
    "table": {
      "version": "3.8.3",
      "resolved": "https://artifacthub-tip.oraclecorp.com/api/npm/npmjs-remote/table/-/table-3.8.3.tgz",
      "integrity": "sha1-K7xULw/amGGnVdOUf+/Ys/UThV8=",
      "requires": {
        "ajv": "^4.7.0",
        "ajv-keywords": "^1.0.0",
        "chalk": "^1.1.1",
        "lodash": "^4.0.0",
        "slice-ansi": "0.0.4",
        "string-width": "^2.0.0"
      },
      "dependencies": {
        "ansi-regex": {
          "version": "3.0.0",
          "resolved": "https://artifacthub-tip.oraclecorp.com/api/npm/npmjs-remote/ansi-regex/-/ansi-regex-3.0.0.tgz",
          "integrity": "sha1-7QMXwyIGT3lGbAKWa922Bas32Zg="
        },
        "is-fullwidth-code-point": {
          "version": "2.0.0",
          "resolved": "https://artifacthub-tip.oraclecorp.com/api/npm/npmjs-remote/is-fullwidth-code-point/-/is-fullwidth-code-point-2.0.0.tgz",
          "integrity": "sha1-o7MKXE8ZkYMWeqq5O+764937ZU8="
        },
        "string-width": {
          "version": "2.1.1",
          "resolved": "https://artifacthub-tip.oraclecorp.com/api/npm/npmjs-remote/string-width/-/string-width-2.1.1.tgz",
          "integrity": "sha1-q5Pyeo3BPSjKyBXEYhQ6bZASrp4=",
          "requires": {
            "is-fullwidth-code-point": "^2.0.0",
            "strip-ansi": "^4.0.0"
          }
        },
        "strip-ansi": {
          "version": "4.0.0",
          "resolved": "https://artifacthub-tip.oraclecorp.com/api/npm/npmjs-remote/strip-ansi/-/strip-ansi-4.0.0.tgz",
          "integrity": "sha1-qEeQIusaw2iocTibY1JixQXuNo8=",
          "requires": {
            "ansi-regex": "^3.0.0"
          }
        }
      }
    },
    "text-table": {
      "version": "0.2.0",
      "resolved": "https://artifacthub-tip.oraclecorp.com/api/npm/npmjs-remote/text-table/-/text-table-0.2.0.tgz",
      "integrity": "sha1-f17oI66AUgfACvLfSoTsP8+lcLQ="
    },
    "through": {
      "version": "2.3.8",
      "resolved": "https://artifacthub-tip.oraclecorp.com/api/npm/npmjs-remote/through/-/through-2.3.8.tgz",
      "integrity": "sha1-DdTJ/6q8NXlgsbckEV1+Doai4fU="
    },
    "type": {
      "version": "1.2.0",
      "resolved": "https://artifacthub-tip.oraclecorp.com/api/npm/npmjs-remote/type/-/type-1.2.0.tgz",
      "integrity": "sha1-hI3XaY2vo+VKbEeedZxLw/GIR6A="
    },
    "type-check": {
      "version": "0.3.2",
      "resolved": "https://artifacthub-tip.oraclecorp.com/api/npm/npmjs-remote/type-check/-/type-check-0.3.2.tgz",
      "integrity": "sha1-WITKtRLPHTVeP7eE8wgEsrUg23I=",
      "requires": {
        "prelude-ls": "~1.1.2"
      }
    },
    "typedarray": {
      "version": "0.0.6",
      "resolved": "https://artifacthub-tip.oraclecorp.com/api/npm/npmjs-remote/typedarray/-/typedarray-0.0.6.tgz",
      "integrity": "sha1-hnrHTjhkGHsdPUfZlqeOxciDB3c="
    },
    "user-home": {
      "version": "2.0.0",
      "resolved": "https://artifacthub-tip.oraclecorp.com/api/npm/npmjs-remote/user-home/-/user-home-2.0.0.tgz",
      "integrity": "sha1-nHC/2Babwdy/SGBODwS4tJzenp8=",
      "requires": {
        "os-homedir": "^1.0.0"
      }
    },
    "util-deprecate": {
      "version": "1.0.2",
      "resolved": "https://artifacthub-tip.oraclecorp.com/api/npm/npmjs-remote/util-deprecate/-/util-deprecate-1.0.2.tgz",
      "integrity": "sha1-RQ1Nyfpw3nMnYvvS1KKJgUGaDM8="
    },
    "word-wrap": {
      "version": "1.2.3",
      "resolved": "https://artifacthub-tip.oraclecorp.com/api/npm/npmjs-remote/word-wrap/-/word-wrap-1.2.3.tgz",
      "integrity": "sha1-YQY29rH3A4kb00dxzLF/uTtHB5w="
    },
    "wrappy": {
      "version": "1.0.2",
      "resolved": "https://artifacthub-tip.oraclecorp.com/api/npm/npmjs-remote/wrappy/-/wrappy-1.0.2.tgz",
      "integrity": "sha1-tSQ9jz7BqjXxNkYFvA0QNuMKtp8="
    },
    "write": {
      "version": "0.2.1",
      "resolved": "https://artifacthub-tip.oraclecorp.com/api/npm/npmjs-remote/write/-/write-0.2.1.tgz",
      "integrity": "sha1-X8A4KOJkzqP+kUVUdvejxWbLB1c=",
      "requires": {
        "mkdirp": "^0.5.1"
      }
    },
    "xtend": {
      "version": "4.0.2",
      "resolved": "https://artifacthub-tip.oraclecorp.com/api/npm/npmjs-remote/xtend/-/xtend-4.0.2.tgz",
      "integrity": "sha1-u3J3n1+kZRhrH0OPZ0+jR/2121Q="
    }
  }
}
